
Microsoft Visual Studio Solution File, Format Version 12.00
# Visual Studio Version 17
VisualStudioVersion = 17.5.33516.290
MinimumVisualStudioVersion = 10.0.40219.1
Project("{9A19103F-16F7-4668-BE54-9A1E7A4F7556}") = "MindTrackerServer", "MindTrackerServer.csproj", "{EAAF28C6-2D09-4CF7-AED7-E40D854E40E3}"
EndProject
Project("{9A19103F-16F7-4668-BE54-9A1E7A4F7556}") = "DAL", "DAL\DAL.csproj", "{EE7C51DB-5A10-4A5E-BE4A-453132ECC935}"
EndProject
Project("{9A19103F-16F7-4668-BE54-9A1E7A4F7556}") = "Domain", "Contracts\Domain.csproj", "{9AEF6BAE-0AFA-4674-B056-454B92C699EE}"
EndProject
Project("{9A19103F-16F7-4668-BE54-9A1E7A4F7556}") = "BLL", "BLL\BLL.csproj", "{26E807BA-0B1C-45A6-8546-24A0A7A08E72}"
EndProject
Global
	GlobalSection(SolutionConfigurationPlatforms) = preSolution
		Debug|Any CPU = Debug|Any CPU
		Release|Any CPU = Release|Any CPU
	EndGlobalSection
	GlobalSection(ProjectConfigurationPlatforms) = postSolution
		{EAAF28C6-2D09-4CF7-AED7-E40D854E40E3}.Debug|Any CPU.ActiveCfg = Debug|Any CPU
		{EAAF28C6-2D09-4CF7-AED7-E40D854E40E3}.Debug|Any CPU.Build.0 = Debug|Any CPU
		{EAAF28C6-2D09-4CF7-AED7-E40D854E40E3}.Release|Any CPU.ActiveCfg = Release|Any CPU
		{EAAF28C6-2D09-4CF7-AED7-E40D854E40E3}.Release|Any CPU.Build.0 = Release|Any CPU
		{EE7C51DB-5A10-4A5E-BE4A-453132ECC935}.Debug|Any CPU.ActiveCfg = Debug|Any CPU
		{EE7C51DB-5A10-4A5E-BE4A-453132ECC935}.Debug|Any CPU.Build.0 = Debug|Any CPU
		{EE7C51DB-5A10-4A5E-BE4A-453132ECC935}.Release|Any CPU.ActiveCfg = Release|Any CPU
		{EE7C51DB-5A10-4A5E-BE4A-453132ECC935}.Release|Any CPU.Build.0 = Release|Any CPU
		{9AEF6BAE-0AFA-4674-B056-454B92C699EE}.Debug|Any CPU.ActiveCfg = Debug|Any CPU
		{9AEF6BAE-0AFA-4674-B056-454B92C699EE}.Debug|Any CPU.Build.0 = Debug|Any CPU
		{9AEF6BAE-0AFA-4674-B056-454B92C699EE}.Release|Any CPU.ActiveCfg = Release|Any CPU
		{9AEF6BAE-0AFA-4674-B056-454B92C699EE}.Release|Any CPU.Build.0 = Release|Any CPU
		{26E807BA-0B1C-45A6-8546-24A0A7A08E72}.Debug|Any CPU.ActiveCfg = Debug|Any CPU
		{26E807BA-0B1C-45A6-8546-24A0A7A08E72}.Debug|Any CPU.Build.0 = Debug|Any CPU
		{26E807BA-0B1C-45A6-8546-24A0A7A08E72}.Release|Any CPU.ActiveCfg = Release|Any CPU
		{26E807BA-0B1C-45A6-8546-24A0A7A08E72}.Release|Any CPU.Build.0 = Release|Any CPU
	EndGlobalSection
	GlobalSection(SolutionProperties) = preSolution
		HideSolutionNode = FALSE
	EndGlobalSection
	GlobalSection(ExtensibilityGlobals) = postSolution
		SolutionGuid = {19189638-71DD-4EFD-A704-2CAEB25031D9}
	EndGlobalSection
EndGlobal
